
Microsoft Visual Studio Solution File, Format Version 12.00
# Visual Studio 15
VisualStudioVersion = 15.0.27130.2024
MinimumVisualStudioVersion = 10.0.40219.1
Project("{FAE04EC0-301F-11D3-BF4B-00C04F79EFBC}") = "GalleryExe.Android", "GalleryExe\GalleryExe.Android\GalleryExe.Android.csproj", "{2E76207A-B701-48BF-A446-30F9D9701EAC}"
EndProject
Project("{FAE04EC0-301F-11D3-BF4B-00C04F79EFBC}") = "GalleryExe", "GalleryExe\GalleryExe\GalleryExe.csproj", "{EC448332-9B68-4F39-8EEB-1C88F4DEE29E}"
EndProject
Global
	GlobalSection(SolutionConfigurationPlatforms) = preSolution
		Debug|Any CPU = Debug|Any CPU
		Release|Any CPU = Release|Any CPU
	EndGlobalSection
	GlobalSection(ProjectConfigurationPlatforms) = postSolution
		{2E76207A-B701-48BF-A446-30F9D9701EAC}.Debug|Any CPU.ActiveCfg = Debug|Any CPU
		{2E76207A-B701-48BF-A446-30F9D9701EAC}.Debug|Any CPU.Build.0 = Debug|Any CPU
		{2E76207A-B701-48BF-A446-30F9D9701EAC}.Debug|Any CPU.Deploy.0 = Debug|Any CPU
		{2E76207A-B701-48BF-A446-30F9D9701EAC}.Release|Any CPU.ActiveCfg = Release|Any CPU
		{2E76207A-B701-48BF-A446-30F9D9701EAC}.Release|Any CPU.Build.0 = Release|Any CPU
		{2E76207A-B701-48BF-A446-30F9D9701EAC}.Release|Any CPU.Deploy.0 = Release|Any CPU
		{EC448332-9B68-4F39-8EEB-1C88F4DEE29E}.Debug|Any CPU.ActiveCfg = Debug|Any CPU
		{EC448332-9B68-4F39-8EEB-1C88F4DEE29E}.Debug|Any CPU.Build.0 = Debug|Any CPU
		{EC448332-9B68-4F39-8EEB-1C88F4DEE29E}.Release|Any CPU.ActiveCfg = Release|Any CPU
		{EC448332-9B68-4F39-8EEB-1C88F4DEE29E}.Release|Any CPU.Build.0 = Release|Any CPU
	EndGlobalSection
	GlobalSection(SolutionProperties) = preSolution
		HideSolutionNode = FALSE
	EndGlobalSection
	GlobalSection(ExtensibilityGlobals) = postSolution
		SolutionGuid = {A309D1C4-E4E2-4A60-9C5C-A473E8E0CCBF}
	EndGlobalSection
EndGlobal
